
Microsoft Visual Studio Solution File, Format Version 12.00
# Visual Studio Version 16
VisualStudioVersion = 16.0.31702.278
MinimumVisualStudioVersion = 10.0.40219.1
Project("{FAE04EC0-301F-11D3-BF4B-00C04F79EFBC}") = "DemoMVC", "DemoMVC\DemoMVC.csproj", "{493EC029-5BBF-41EC-9CD8-BFA1DB1B89D0}"
EndProject
Global
	GlobalSection(SolutionConfigurationPlatforms) = preSolution
		Debug|Any CPU = Debug|Any CPU
		Release|Any CPU = Release|Any CPU
	EndGlobalSection
	GlobalSection(ProjectConfigurationPlatforms) = postSolution
		{493EC029-5BBF-41EC-9CD8-BFA1DB1B89D0}.Debug|Any CPU.ActiveCfg = Debug|Any CPU
		{493EC029-5BBF-41EC-9CD8-BFA1DB1B89D0}.Debug|Any CPU.Build.0 = Debug|Any CPU
		{493EC029-5BBF-41EC-9CD8-BFA1DB1B89D0}.Release|Any CPU.ActiveCfg = Release|Any CPU
		{493EC029-5BBF-41EC-9CD8-BFA1DB1B89D0}.Release|Any CPU.Build.0 = Release|Any CPU
	EndGlobalSection
	GlobalSection(SolutionProperties) = preSolution
		HideSolutionNode = FALSE
	EndGlobalSection
	GlobalSection(ExtensibilityGlobals) = postSolution
		SolutionGuid = {9A2DDA2A-9056-4B87-86D6-530103EF95CE}
	EndGlobalSection
EndGlobal
